// !$*UTF8*$!
{
	archiveVersion = 1;
	classes = {
	};
	objectVersion = 56;
	objects = {

/* Begin PBXBuildFile section */
		101C394B2B1CA55D00E0B7C4 /* BookStoreAppApp.swift in Sources */ = {isa = PBXBuildFile; fileRef = 101C394A2B1CA55D00E0B7C4 /* BookStoreAppApp.swift */; };
		101C394D2B1CA55D00E0B7C4 /* ContentView.swift in Sources */ = {isa = PBXBuildFile; fileRef = 101C394C2B1CA55D00E0B7C4 /* ContentView.swift */; };
		101C394F2B1CA56000E0B7C4 /* Assets.xcassets in Resources */ = {isa = PBXBuildFile; fileRef = 101C394E2B1CA56000E0B7C4 /* Assets.xcassets */; };
		101C39522B1CA56000E0B7C4 /* Preview Assets.xcassets in Resources */ = {isa = PBXBuildFile; fileRef = 101C39512B1CA56000E0B7C4 /* Preview Assets.xcassets */; };
		101C39592B1CA5A300E0B7C4 /* .gitignore in Resources */ = {isa = PBXBuildFile; fileRef = 101C39582B1CA5A300E0B7C4 /* .gitignore */; };
		12A9ECD52B210A49005BF0BA /* Network.swift in Sources */ = {isa = PBXBuildFile; fileRef = 12A9ECD42B210A49005BF0BA /* Network.swift */; };
		12A9ECD82B210FA5005BF0BA /* SearchDataModel.swift in Sources */ = {isa = PBXBuildFile; fileRef = 12A9ECD72B210FA5005BF0BA /* SearchDataModel.swift */; };
		12A9ECDB2B225300005BF0BA /* MainViewModel.swift in Sources */ = {isa = PBXBuildFile; fileRef = 12A9ECDA2B225300005BF0BA /* MainViewModel.swift */; };
		12A9ECDD2B2253DE005BF0BA /* RecentModel.swift in Sources */ = {isa = PBXBuildFile; fileRef = 12A9ECDC2B2253DE005BF0BA /* RecentModel.swift */; };
		12CEB5AF2B1FA9F20061167F /* Service.swift in Sources */ = {isa = PBXBuildFile; fileRef = 12CEB5AE2B1FA9F20061167F /* Service.swift */; };
		12CEB5B12B1FAC6D0061167F /* Endpoint.swift in Sources */ = {isa = PBXBuildFile; fileRef = 12CEB5B02B1FAC6D0061167F /* Endpoint.swift */; };
		FA6242A92B1F65CF00953394 /* TabBarView.swift in Sources */ = {isa = PBXBuildFile; fileRef = FA6242A82B1F65CF00953394 /* TabBarView.swift */; };
		FA7AB56A2B24AE8000CC23CB /* DetailView.swift in Sources */ = {isa = PBXBuildFile; fileRef = FA7AB5662B24AE8000CC23CB /* DetailView.swift */; };
		FA7AB56B2B24AE8000CC23CB /* ButtonView.swift in Sources */ = {isa = PBXBuildFile; fileRef = FA7AB5682B24AE8000CC23CB /* ButtonView.swift */; };
		FA7AB56C2B24AE8000CC23CB /* FavoriteBooksView.swift in Sources */ = {isa = PBXBuildFile; fileRef = FA7AB5692B24AE8000CC23CB /* FavoriteBooksView.swift */; };
		FAEE247F2B1E97230024C97E /* TabView.swift in Sources */ = {isa = PBXBuildFile; fileRef = FAEE247E2B1E97230024C97E /* TabView.swift */; };
/* End PBXBuildFile section */

/* Begin PBXFileReference section */
		101C39472B1CA55D00E0B7C4 /* BookStoreApp.app */ = {isa = PBXFileReference; explicitFileType = wrapper.application; includeInIndex = 0; path = BookStoreApp.app; sourceTree = BUILT_PRODUCTS_DIR; };
		101C394A2B1CA55D00E0B7C4 /* BookStoreAppApp.swift */ = {isa = PBXFileReference; lastKnownFileType = sourcecode.swift; path = BookStoreAppApp.swift; sourceTree = "<group>"; };
		101C394C2B1CA55D00E0B7C4 /* ContentView.swift */ = {isa = PBXFileReference; lastKnownFileType = sourcecode.swift; path = ContentView.swift; sourceTree = "<group>"; };
		101C394E2B1CA56000E0B7C4 /* Assets.xcassets */ = {isa = PBXFileReference; lastKnownFileType = folder.assetcatalog; path = Assets.xcassets; sourceTree = "<group>"; };
		101C39512B1CA56000E0B7C4 /* Preview Assets.xcassets */ = {isa = PBXFileReference; lastKnownFileType = folder.assetcatalog; path = "Preview Assets.xcassets"; sourceTree = "<group>"; };
		101C39582B1CA5A300E0B7C4 /* .gitignore */ = {isa = PBXFileReference; lastKnownFileType = text; path = .gitignore; sourceTree = "<group>"; };
		101C395A2B1CA5BB00E0B7C4 /* README.md */ = {isa = PBXFileReference; lastKnownFileType = net.daringfireball.markdown; path = README.md; sourceTree = "<group>"; };
		12A9ECD42B210A49005BF0BA /* Network.swift */ = {isa = PBXFileReference; lastKnownFileType = sourcecode.swift; path = Network.swift; sourceTree = "<group>"; };
		12A9ECD72B210FA5005BF0BA /* SearchDataModel.swift */ = {isa = PBXFileReference; lastKnownFileType = sourcecode.swift; path = SearchDataModel.swift; sourceTree = "<group>"; };
		12A9ECDA2B225300005BF0BA /* MainViewModel.swift */ = {isa = PBXFileReference; lastKnownFileType = sourcecode.swift; path = MainViewModel.swift; sourceTree = "<group>"; };
		12A9ECDC2B2253DE005BF0BA /* RecentModel.swift */ = {isa = PBXFileReference; lastKnownFileType = sourcecode.swift; path = RecentModel.swift; sourceTree = "<group>"; };
		12CEB5AE2B1FA9F20061167F /* Service.swift */ = {isa = PBXFileReference; lastKnownFileType = sourcecode.swift; path = Service.swift; sourceTree = "<group>"; };
		12CEB5B02B1FAC6D0061167F /* Endpoint.swift */ = {isa = PBXFileReference; lastKnownFileType = sourcecode.swift; path = Endpoint.swift; sourceTree = "<group>"; };
		FA6242A82B1F65CF00953394 /* TabBarView.swift */ = {isa = PBXFileReference; lastKnownFileType = sourcecode.swift; path = TabBarView.swift; sourceTree = "<group>"; };
		FA7AB5662B24AE8000CC23CB /* DetailView.swift */ = {isa = PBXFileReference; fileEncoding = 4; lastKnownFileType = sourcecode.swift; path = DetailView.swift; sourceTree = "<group>"; };
		FA7AB5682B24AE8000CC23CB /* ButtonView.swift */ = {isa = PBXFileReference; fileEncoding = 4; lastKnownFileType = sourcecode.swift; path = ButtonView.swift; sourceTree = "<group>"; };
		FA7AB5692B24AE8000CC23CB /* FavoriteBooksView.swift */ = {isa = PBXFileReference; fileEncoding = 4; lastKnownFileType = sourcecode.swift; path = FavoriteBooksView.swift; sourceTree = "<group>"; };
		FAEE247E2B1E97230024C97E /* TabView.swift */ = {isa = PBXFileReference; lastKnownFileType = sourcecode.swift; path = TabView.swift; sourceTree = "<group>"; };
/* End PBXFileReference section */

/* Begin PBXFrameworksBuildPhase section */
		101C39442B1CA55D00E0B7C4 /* Frameworks */ = {
			isa = PBXFrameworksBuildPhase;
			buildActionMask = 2147483647;
			files = (
			);
			runOnlyForDeploymentPostprocessing = 0;
		};
/* End PBXFrameworksBuildPhase section */

/* Begin PBXGroup section */
		101C393E2B1CA55D00E0B7C4 = {
			isa = PBXGroup;
			children = (
				101C395A2B1CA5BB00E0B7C4 /* README.md */,
				101C39582B1CA5A300E0B7C4 /* .gitignore */,
				101C39492B1CA55D00E0B7C4 /* BookStoreApp */,
				101C39482B1CA55D00E0B7C4 /* Products */,
			);
			sourceTree = "<group>";
		};
		101C39482B1CA55D00E0B7C4 /* Products */ = {
			isa = PBXGroup;
			children = (
				101C39472B1CA55D00E0B7C4 /* BookStoreApp.app */,
			);
			name = Products;
			sourceTree = "<group>";
		};
		101C39492B1CA55D00E0B7C4 /* BookStoreApp */ = {
			isa = PBXGroup;
			children = (
				101C394A2B1CA55D00E0B7C4 /* BookStoreAppApp.swift */,
				101C394C2B1CA55D00E0B7C4 /* ContentView.swift */,
				10D7D2752B24B1F900DBE1C9 /* Favorite */,
				10D7D2732B24B1BD00DBE1C9 /* Detail */,
				12CEB5AC2B1FA97C0061167F /* Service */,
				12A9ECD92B2252E5005BF0BA /* Main */,
				FAEE247E2B1E97230024C97E /* TabView.swift */,
				FA6242A82B1F65CF00953394 /* TabBarView.swift */,
				101C394E2B1CA56000E0B7C4 /* Assets.xcassets */,
				101C39502B1CA56000E0B7C4 /* Preview Content */,
			);
			path = BookStoreApp;
			sourceTree = "<group>";
		};
		101C39502B1CA56000E0B7C4 /* Preview Content */ = {
			isa = PBXGroup;
			children = (
				101C39512B1CA56000E0B7C4 /* Preview Assets.xcassets */,
			);
			path = "Preview Content";
			sourceTree = "<group>";
		};
		10D7D2732B24B1BD00DBE1C9 /* Detail */ = {
			isa = PBXGroup;
			children = (
				FA7AB5662B24AE8000CC23CB /* DetailView.swift */,
				10D7D2742B24B1DD00DBE1C9 /* Components */,
			);
			path = Detail;
			sourceTree = "<group>";
		};
		10D7D2742B24B1DD00DBE1C9 /* Components */ = {
			isa = PBXGroup;
			children = (
				FA7AB5682B24AE8000CC23CB /* ButtonView.swift */,
			);
			path = Components;
			sourceTree = "<group>";
		};
		10D7D2752B24B1F900DBE1C9 /* Favorite */ = {
			isa = PBXGroup;
			children = (
				FA7AB5692B24AE8000CC23CB /* FavoriteBooksView.swift */,
			);
			path = Favorite;
			sourceTree = "<group>";
		};
		12A9ECD62B210F19005BF0BA /* ModelData */ = {
			isa = PBXGroup;
			children = (
				12A9ECD72B210FA5005BF0BA /* SearchDataModel.swift */,
				12A9ECDC2B2253DE005BF0BA /* RecentModel.swift */,
			);
			path = ModelData;
			sourceTree = "<group>";
		};
		12A9ECD92B2252E5005BF0BA /* Main */ = {
			isa = PBXGroup;
			children = (
				12A9ECDA2B225300005BF0BA /* MainViewModel.swift */,
			);
			path = Main;
			sourceTree = "<group>";
		};
		12CEB5AC2B1FA97C0061167F /* Service */ = {
			isa = PBXGroup;
			children = (
				12CEB5AD2B1FA98E0061167F /* API */,
			);
			path = Service;
			sourceTree = "<group>";
		};
		12CEB5AD2B1FA98E0061167F /* API */ = {
			isa = PBXGroup;
			children = (
				12A9ECD62B210F19005BF0BA /* ModelData */,
				12CEB5AE2B1FA9F20061167F /* Service.swift */,
				12A9ECD42B210A49005BF0BA /* Network.swift */,
				12CEB5B02B1FAC6D0061167F /* Endpoint.swift */,
			);
			path = API;
			sourceTree = "<group>";
		};
/* End PBXGroup section */

/* Begin PBXNativeTarget section */
		101C39462B1CA55D00E0B7C4 /* BookStoreApp */ = {
			isa = PBXNativeTarget;
			buildConfigurationList = 101C39552B1CA56000E0B7C4 /* Build configuration list for PBXNativeTarget "BookStoreApp" */;
			buildPhases = (
				101C39432B1CA55D00E0B7C4 /* Sources */,
				101C39442B1CA55D00E0B7C4 /* Frameworks */,
				101C39452B1CA55D00E0B7C4 /* Resources */,
			);
			buildRules = (
			);
			dependencies = (
			);
			name = BookStoreApp;
			productName = BookStoreApp;
			productReference = 101C39472B1CA55D00E0B7C4 /* BookStoreApp.app */;
			productType = "com.apple.product-type.application";
		};
/* End PBXNativeTarget section */

/* Begin PBXProject section */
		101C393F2B1CA55D00E0B7C4 /* Project object */ = {
			isa = PBXProject;
			attributes = {
				BuildIndependentTargetsInParallel = 1;
				LastSwiftUpdateCheck = 1500;
				LastUpgradeCheck = 1500;
				TargetAttributes = {
					101C39462B1CA55D00E0B7C4 = {
						CreatedOnToolsVersion = 15.0.1;
					};
				};
			};
			buildConfigurationList = 101C39422B1CA55D00E0B7C4 /* Build configuration list for PBXProject "BookStoreApp" */;
			compatibilityVersion = "Xcode 14.0";
			developmentRegion = en;
			hasScannedForEncodings = 0;
			knownRegions = (
				en,
				Base,
			);
			mainGroup = 101C393E2B1CA55D00E0B7C4;
			productRefGroup = 101C39482B1CA55D00E0B7C4 /* Products */;
			projectDirPath = "";
			projectRoot = "";
			targets = (
				101C39462B1CA55D00E0B7C4 /* BookStoreApp */,
			);
		};
/* End PBXProject section */

/* Begin PBXResourcesBuildPhase section */
		101C39452B1CA55D00E0B7C4 /* Resources */ = {
			isa = PBXResourcesBuildPhase;
			buildActionMask = 2147483647;
			files = (
				101C39522B1CA56000E0B7C4 /* Preview Assets.xcassets in Resources */,
				101C39592B1CA5A300E0B7C4 /* .gitignore in Resources */,
				101C394F2B1CA56000E0B7C4 /* Assets.xcassets in Resources */,
			);
			runOnlyForDeploymentPostprocessing = 0;
		};
/* End PBXResourcesBuildPhase section */

/* Begin PBXSourcesBuildPhase section */
		101C39432B1CA55D00E0B7C4 /* Sources */ = {
			isa = PBXSourcesBuildPhase;
			buildActionMask = 2147483647;
			files = (
				101C394D2B1CA55D00E0B7C4 /* ContentView.swift in Sources */,
				12A9ECD82B210FA5005BF0BA /* SearchDataModel.swift in Sources */,
				FA7AB56B2B24AE8000CC23CB /* ButtonView.swift in Sources */,
				12A9ECDD2B2253DE005BF0BA /* RecentModel.swift in Sources */,
				FAEE247F2B1E97230024C97E /* TabView.swift in Sources */,
				12CEB5AF2B1FA9F20061167F /* Service.swift in Sources */,
				FA7AB56A2B24AE8000CC23CB /* DetailView.swift in Sources */,
				FA6242A92B1F65CF00953394 /* TabBarView.swift in Sources */,
				12CEB5B12B1FAC6D0061167F /* Endpoint.swift in Sources */,
				12A9ECD52B210A49005BF0BA /* Network.swift in Sources */,
				101C394B2B1CA55D00E0B7C4 /* BookStoreAppApp.swift in Sources */,
				12A9ECDB2B225300005BF0BA /* MainViewModel.swift in Sources */,
				FA7AB56C2B24AE8000CC23CB /* FavoriteBooksView.swift in Sources */,
			);
			runOnlyForDeploymentPostprocessing = 0;
		};
/* End PBXSourcesBuildPhase section */

/* Begin XCBuildConfiguration section */
		101C39532B1CA56000E0B7C4 /* Debug */ = {
			isa = XCBuildConfiguration;
			buildSettings = {
				ALWAYS_SEARCH_USER_PATHS = NO;
				ASSETCATALOG_COMPILER_GENERATE_SWIFT_ASSET_SYMBOL_EXTENSIONS = YES;
				CLANG_ANALYZER_NONNULL = YES;
				CLANG_ANALYZER_NUMBER_OBJECT_CONVERSION = YES_AGGRESSIVE;
				CLANG_CXX_LANGUAGE_STANDARD = "gnu++20";
				CLANG_ENABLE_MODULES = YES;
				CLANG_ENABLE_OBJC_ARC = YES;
				CLANG_ENABLE_OBJC_WEAK = YES;
				CLANG_WARN_BLOCK_CAPTURE_AUTORELEASING = YES;
				CLANG_WARN_BOOL_CONVERSION = YES;
				CLANG_WARN_COMMA = YES;
				CLANG_WARN_CONSTANT_CONVERSION = YES;
				CLANG_WARN_DEPRECATED_OBJC_IMPLEMENTATIONS = YES;
				CLANG_WARN_DIRECT_OBJC_ISA_USAGE = YES_ERROR;
				CLANG_WARN_DOCUMENTATION_COMMENTS = YES;
				CLANG_WARN_EMPTY_BODY = YES;
				CLANG_WARN_ENUM_CONVERSION = YES;
				CLANG_WARN_INFINITE_RECURSION = YES;
				CLANG_WARN_INT_CONVERSION = YES;
				CLANG_WARN_NON_LITERAL_NULL_CONVERSION = YES;
				CLANG_WARN_OBJC_IMPLICIT_RETAIN_SELF = YES;
				CLANG_WARN_OBJC_LITERAL_CONVERSION = YES;
				CLANG_WARN_OBJC_ROOT_CLASS = YES_ERROR;
				CLANG_WARN_QUOTED_INCLUDE_IN_FRAMEWORK_HEADER = YES;
				CLANG_WARN_RANGE_LOOP_ANALYSIS = YES;
				CLANG_WARN_STRICT_PROTOTYPES = YES;
				CLANG_WARN_SUSPICIOUS_MOVE = YES;
				CLANG_WARN_UNGUARDED_AVAILABILITY = YES_AGGRESSIVE;
				CLANG_WARN_UNREACHABLE_CODE = YES;
				CLANG_WARN__DUPLICATE_METHOD_MATCH = YES;
				COPY_PHASE_STRIP = NO;
				DEBUG_INFORMATION_FORMAT = dwarf;
				ENABLE_STRICT_OBJC_MSGSEND = YES;
				ENABLE_TESTABILITY = YES;
				ENABLE_USER_SCRIPT_SANDBOXING = YES;
				GCC_C_LANGUAGE_STANDARD = gnu17;
				GCC_DYNAMIC_NO_PIC = NO;
				GCC_NO_COMMON_BLOCKS = YES;
				GCC_OPTIMIZATION_LEVEL = 0;
				GCC_PREPROCESSOR_DEFINITIONS = (
					"DEBUG=1",
					"$(inherited)",
				);
				GCC_WARN_64_TO_32_BIT_CONVERSION = YES;
				GCC_WARN_ABOUT_RETURN_TYPE = YES_ERROR;
				GCC_WARN_UNDECLARED_SELECTOR = YES;
				GCC_WARN_UNINITIALIZED_AUTOS = YES_AGGRESSIVE;
				GCC_WARN_UNUSED_FUNCTION = YES;
				GCC_WARN_UNUSED_VARIABLE = YES;
				IPHONEOS_DEPLOYMENT_TARGET = 15.0;
				LOCALIZATION_PREFERS_STRING_CATALOGS = YES;
				MTL_ENABLE_DEBUG_INFO = INCLUDE_SOURCE;
				MTL_FAST_MATH = YES;
				ONLY_ACTIVE_ARCH = YES;
				SDKROOT = iphoneos;
				SWIFT_ACTIVE_COMPILATION_CONDITIONS = "DEBUG $(inherited)";
				SWIFT_OPTIMIZATION_LEVEL = "-Onone";
				SWIFT_VERSION = 5.0;
			};
			name = Debug;
		};
		101C39542B1CA56000E0B7C4 /* Release */ = {
			isa = XCBuildConfiguration;
			buildSettings = {
				ALWAYS_SEARCH_USER_PATHS = NO;
				ASSETCATALOG_COMPILER_GENERATE_SWIFT_ASSET_SYMBOL_EXTENSIONS = YES;
				CLANG_ANALYZER_NONNULL = YES;
				CLANG_ANALYZER_NUMBER_OBJECT_CONVERSION = YES_AGGRESSIVE;
				CLANG_CXX_LANGUAGE_STANDARD = "gnu++20";
				CLANG_ENABLE_MODULES = YES;
				CLANG_ENABLE_OBJC_ARC = YES;
				CLANG_ENABLE_OBJC_WEAK = YES;
				CLANG_WARN_BLOCK_CAPTURE_AUTORELEASING = YES;
				CLANG_WARN_BOOL_CONVERSION = YES;
				CLANG_WARN_COMMA = YES;
				CLANG_WARN_CONSTANT_CONVERSION = YES;
				CLANG_WARN_DEPRECATED_OBJC_IMPLEMENTATIONS = YES;
				CLANG_WARN_DIRECT_OBJC_ISA_USAGE = YES_ERROR;
				CLANG_WARN_DOCUMENTATION_COMMENTS = YES;
				CLANG_WARN_EMPTY_BODY = YES;
				CLANG_WARN_ENUM_CONVERSION = YES;
				CLANG_WARN_INFINITE_RECURSION = YES;
				CLANG_WARN_INT_CONVERSION = YES;
				CLANG_WARN_NON_LITERAL_NULL_CONVERSION = YES;
				CLANG_WARN_OBJC_IMPLICIT_RETAIN_SELF = YES;
				CLANG_WARN_OBJC_LITERAL_CONVERSION = YES;
				CLANG_WARN_OBJC_ROOT_CLASS = YES_ERROR;
				CLANG_WARN_QUOTED_INCLUDE_IN_FRAMEWORK_HEADER = YES;
				CLANG_WARN_RANGE_LOOP_ANALYSIS = YES;
				CLANG_WARN_STRICT_PROTOTYPES = YES;
				CLANG_WARN_SUSPICIOUS_MOVE = YES;
				CLANG_WARN_UNGUARDED_AVAILABILITY = YES_AGGRESSIVE;
				CLANG_WARN_UNREACHABLE_CODE = YES;
				CLANG_WARN__DUPLICATE_METHOD_MATCH = YES;
				COPY_PHASE_STRIP = NO;
				DEBUG_INFORMATION_FORMAT = "dwarf-with-dsym";
				ENABLE_NS_ASSERTIONS = NO;
				ENABLE_STRICT_OBJC_MSGSEND = YES;
				ENABLE_USER_SCRIPT_SANDBOXING = YES;
				GCC_C_LANGUAGE_STANDARD = gnu17;
				GCC_NO_COMMON_BLOCKS = YES;
				GCC_WARN_64_TO_32_BIT_CONVERSION = YES;
				GCC_WARN_ABOUT_RETURN_TYPE = YES_ERROR;
				GCC_WARN_UNDECLARED_SELECTOR = YES;
				GCC_WARN_UNINITIALIZED_AUTOS = YES_AGGRESSIVE;
				GCC_WARN_UNUSED_FUNCTION = YES;
				GCC_WARN_UNUSED_VARIABLE = YES;
				IPHONEOS_DEPLOYMENT_TARGET = 15.0;
				LOCALIZATION_PREFERS_STRING_CATALOGS = YES;
				MTL_ENABLE_DEBUG_INFO = NO;
				MTL_FAST_MATH = YES;
				SDKROOT = iphoneos;
				SWIFT_COMPILATION_MODE = wholemodule;
				SWIFT_VERSION = 5.0;
				VALIDATE_PRODUCT = YES;
			};
			name = Release;
		};
		101C39562B1CA56000E0B7C4 /* Debug */ = {
			isa = XCBuildConfiguration;
			buildSettings = {
				ASSETCATALOG_COMPILER_APPICON_NAME = AppIcon;
				ASSETCATALOG_COMPILER_GLOBAL_ACCENT_COLOR_NAME = AccentColor;
				CODE_SIGN_STYLE = Automatic;
				CURRENT_PROJECT_VERSION = 1;
				DEVELOPMENT_ASSET_PATHS = "\"BookStoreApp/Preview Content\"";
				ENABLE_PREVIEWS = YES;
				GENERATE_INFOPLIST_FILE = YES;
				INFOPLIST_KEY_UIApplicationSceneManifest_Generation = YES;
				INFOPLIST_KEY_UIApplicationSupportsIndirectInputEvents = YES;
				INFOPLIST_KEY_UILaunchScreen_Generation = YES;
				INFOPLIST_KEY_UISupportedInterfaceOrientations = UIInterfaceOrientationPortrait;
				INFOPLIST_KEY_UISupportedInterfaceOrientations_iPad = "UIInterfaceOrientationLandscapeLeft UIInterfaceOrientationLandscapeRight UIInterfaceOrientationPortrait UIInterfaceOrientationPortraitUpsideDown";
				IPHONEOS_DEPLOYMENT_TARGET = 15.0;
				LD_RUNPATH_SEARCH_PATHS = (
					"$(inherited)",
					"@executable_path/Frameworks",
				);
				MARKETING_VERSION = 1.0;
				PRODUCT_BUNDLE_IDENTIFIER = com.pashagritskov.BookStoreApp;
				PRODUCT_NAME = "$(TARGET_NAME)";
				SUPPORTED_PLATFORMS = "iphoneos iphonesimulator";
				SUPPORTS_MACCATALYST = NO;
				SUPPORTS_MAC_DESIGNED_FOR_IPHONE_IPAD = NO;
				SWIFT_EMIT_LOC_STRINGS = YES;
				SWIFT_VERSION = 5.0;
				TARGETED_DEVICE_FAMILY = 1;
			};
			name = Debug;
		};
		101C39572B1CA56000E0B7C4 /* Release */ = {
			isa = XCBuildConfiguration;
			buildSettings = {
				ASSETCATALOG_COMPILER_APPICON_NAME = AppIcon;
				ASSETCATALOG_COMPILER_GLOBAL_ACCENT_COLOR_NAME = AccentColor;
				CODE_SIGN_STYLE = Automatic;
				CURRENT_PROJECT_VERSION = 1;
				DEVELOPMENT_ASSET_PATHS = "\"BookStoreApp/Preview Content\"";
				ENABLE_PREVIEWS = YES;
				GENERATE_INFOPLIST_FILE = YES;
				INFOPLIST_KEY_UIApplicationSceneManifest_Generation = YES;
				INFOPLIST_KEY_UIApplicationSupportsIndirectInputEvents = YES;
				INFOPLIST_KEY_UILaunchScreen_Generation = YES;
				INFOPLIST_KEY_UISupportedInterfaceOrientations = UIInterfaceOrientationPortrait;
				INFOPLIST_KEY_UISupportedInterfaceOrientations_iPad = "UIInterfaceOrientationLandscapeLeft UIInterfaceOrientationLandscapeRight UIInterfaceOrientationPortrait UIInterfaceOrientationPortraitUpsideDown";
				IPHONEOS_DEPLOYMENT_TARGET = 15.0;
				LD_RUNPATH_SEARCH_PATHS = (
					"$(inherited)",
					"@executable_path/Frameworks",
				);
				MARKETING_VERSION = 1.0;
				PRODUCT_BUNDLE_IDENTIFIER = com.pashagritskov.BookStoreApp;
				PRODUCT_NAME = "$(TARGET_NAME)";
				SUPPORTED_PLATFORMS = "iphoneos iphonesimulator";
				SUPPORTS_MACCATALYST = NO;
				SUPPORTS_MAC_DESIGNED_FOR_IPHONE_IPAD = NO;
				SWIFT_EMIT_LOC_STRINGS = YES;
				SWIFT_VERSION = 5.0;
				TARGETED_DEVICE_FAMILY = 1;
			};
			name = Release;
		};
/* End XCBuildConfiguration section */

/* Begin XCConfigurationList section */
		101C39422B1CA55D00E0B7C4 /* Build configuration list for PBXProject "BookStoreApp" */ = {
			isa = XCConfigurationList;
			buildConfigurations = (
				101C39532B1CA56000E0B7C4 /* Debug */,
				101C39542B1CA56000E0B7C4 /* Release */,
			);
			defaultConfigurationIsVisible = 0;
			defaultConfigurationName = Release;
		};
		101C39552B1CA56000E0B7C4 /* Build configuration list for PBXNativeTarget "BookStoreApp" */ = {
			isa = XCConfigurationList;
			buildConfigurations = (
				101C39562B1CA56000E0B7C4 /* Debug */,
				101C39572B1CA56000E0B7C4 /* Release */,
			);
			defaultConfigurationIsVisible = 0;
			defaultConfigurationName = Release;
		};
/* End XCConfigurationList section */
	};
	rootObject = 101C393F2B1CA55D00E0B7C4 /* Project object */;
}
