// !$*UTF8*$!
{
	archiveVersion = 1;
	classes = {
	};
	objectVersion = 56;
	objects = {

/* Begin PBXBuildFile section */
		101C394B2B1CA55D00E0B7C4 /* BookStoreAppApp.swift in Sources */ = {isa = PBXBuildFile; fileRef = 101C394A2B1CA55D00E0B7C4 /* BookStoreAppApp.swift */; };
		101C394D2B1CA55D00E0B7C4 /* MainView.swift in Sources */ = {isa = PBXBuildFile; fileRef = 101C394C2B1CA55D00E0B7C4 /* MainView.swift */; };
		101C394F2B1CA56000E0B7C4 /* Assets.xcassets in Resources */ = {isa = PBXBuildFile; fileRef = 101C394E2B1CA56000E0B7C4 /* Assets.xcassets */; };
		101C39522B1CA56000E0B7C4 /* Preview Assets.xcassets in Resources */ = {isa = PBXBuildFile; fileRef = 101C39512B1CA56000E0B7C4 /* Preview Assets.xcassets */; };
		101C39592B1CA5A300E0B7C4 /* .gitignore in Resources */ = {isa = PBXBuildFile; fileRef = 101C39582B1CA5A300E0B7C4 /* .gitignore */; };
		104325102B29B1A100D037EB /* ContentView.swift in Sources */ = {isa = PBXBuildFile; fileRef = 1043250F2B29B1A100D037EB /* ContentView.swift */; };
		104325142B29B27400D037EB /* OnboardingViewModel.swift in Sources */ = {isa = PBXBuildFile; fileRef = 104325132B29B27400D037EB /* OnboardingViewModel.swift */; };
		104325162B29B3D200D037EB /* OnboardingStepModel.swift in Sources */ = {isa = PBXBuildFile; fileRef = 104325152B29B3D200D037EB /* OnboardingStepModel.swift */; };
		104325182B29EA2900D037EB /* NetworkGCD.swift in Sources */ = {isa = PBXBuildFile; fileRef = 104325172B29EA2900D037EB /* NetworkGCD.swift */; };
		10554B0A2B2B1DEF000E9AC4 /* BookCellView.swift in Sources */ = {isa = PBXBuildFile; fileRef = 10554B092B2B1DEF000E9AC4 /* BookCellView.swift */; };
		10554B0C2B2B2622000E9AC4 /* mockWork.json in Resources */ = {isa = PBXBuildFile; fileRef = 10554B0B2B2B2622000E9AC4 /* mockWork.json */; };
		10554B0E2B2B26B0000E9AC4 /* MockDataSource.swift in Sources */ = {isa = PBXBuildFile; fileRef = 10554B0D2B2B26B0000E9AC4 /* MockDataSource.swift */; };
		10E1908D2B2B37A1002BD982 /* mockDocs.json in Resources */ = {isa = PBXBuildFile; fileRef = 10E1908C2B2B37A1002BD982 /* mockDocs.json */; };
		10E1908F2B2B5549002BD982 /* DetailBookModel.swift in Sources */ = {isa = PBXBuildFile; fileRef = 10E1908E2B2B5549002BD982 /* DetailBookModel.swift */; };
		10E190912B2B55F2002BD982 /* mockDetailBook.json in Resources */ = {isa = PBXBuildFile; fileRef = 10E190902B2B55F2002BD982 /* mockDetailBook.json */; };
		10E190932B2B5B50002BD982 /* RatingModel.swift in Sources */ = {isa = PBXBuildFile; fileRef = 10E190922B2B5B50002BD982 /* RatingModel.swift */; };
		10E5EC392B2CB52700C0059C /* ModelData.swift in Sources */ = {isa = PBXBuildFile; fileRef = 10E5EC382B2CB52700C0059C /* ModelData.swift */; };
		10E5EC4C2B2DEBF000C0059C /* CacheAsyncImage.swift in Sources */ = {isa = PBXBuildFile; fileRef = 10E5EC4B2B2DEBF000C0059C /* CacheAsyncImage.swift */; };
		10E5EC4F2B2DEC0C00C0059C /* CardDescriptionView.swift in Sources */ = {isa = PBXBuildFile; fileRef = 10E5EC4D2B2DEC0C00C0059C /* CardDescriptionView.swift */; };
		10E5EC502B2DEC0C00C0059C /* CardViewCell.swift in Sources */ = {isa = PBXBuildFile; fileRef = 10E5EC4E2B2DEC0C00C0059C /* CardViewCell.swift */; };
		10E5EC522B2DEC2800C0059C /* DetailView.swift in Sources */ = {isa = PBXBuildFile; fileRef = 10E5EC512B2DEC2800C0059C /* DetailView.swift */; };
		10E5EC552B2DEC2F00C0059C /* DescriptionSideDetailView.swift in Sources */ = {isa = PBXBuildFile; fileRef = 10E5EC532B2DEC2F00C0059C /* DescriptionSideDetailView.swift */; };
		10E5EC562B2DEC2F00C0059C /* DescriptionDetailView.swift in Sources */ = {isa = PBXBuildFile; fileRef = 10E5EC542B2DEC2F00C0059C /* DescriptionDetailView.swift */; };
		10E5EC582B2DEC4400C0059C /* ErrorView.swift in Sources */ = {isa = PBXBuildFile; fileRef = 10E5EC572B2DEC4400C0059C /* ErrorView.swift */; };
		10E5EC5A2B2DEE1600C0059C /* BookListView.swift in Sources */ = {isa = PBXBuildFile; fileRef = 10E5EC592B2DEE1600C0059C /* BookListView.swift */; };
		10E5EC5D2B2DEFFE00C0059C /* URL + ext.swift in Sources */ = {isa = PBXBuildFile; fileRef = 10E5EC5C2B2DEFFE00C0059C /* URL + ext.swift */; };
		10E5EC5F2B2E0F8700C0059C /* DetailViewImp.swift in Sources */ = {isa = PBXBuildFile; fileRef = 10E5EC5E2B2E0F8700C0059C /* DetailViewImp.swift */; };
		10E5EC612B2E489800C0059C /* MyDetailModel.swift in Sources */ = {isa = PBXBuildFile; fileRef = 10E5EC602B2E489800C0059C /* MyDetailModel.swift */; };
		10E5EC642B2E68FC00C0059C /* DataManager.swift in Sources */ = {isa = PBXBuildFile; fileRef = 10E5EC632B2E68FC00C0059C /* DataManager.swift */; };
		129438A62B2DA2720088D170 /* MainSearchView.swift in Sources */ = {isa = PBXBuildFile; fileRef = 129438A52B2DA2720088D170 /* MainSearchView.swift */; };
		129438A82B2DB4720088D170 /* BooksListView.swift in Sources */ = {isa = PBXBuildFile; fileRef = 129438A72B2DB4720088D170 /* BooksListView.swift */; };
		129438AC2B2DE9420088D170 /* BookModelData.swift in Sources */ = {isa = PBXBuildFile; fileRef = 129438AB2B2DE9410088D170 /* BookModelData.swift */; };
		129438AF2B2E4EF50088D170 /* CategorisBooksView.swift in Sources */ = {isa = PBXBuildFile; fileRef = 129438AE2B2E4EF50088D170 /* CategorisBooksView.swift */; };
		12A9ECD52B210A49005BF0BA /* Network.swift in Sources */ = {isa = PBXBuildFile; fileRef = 12A9ECD42B210A49005BF0BA /* Network.swift */; };
		12A9ECD82B210FA5005BF0BA /* SearchDataModel.swift in Sources */ = {isa = PBXBuildFile; fileRef = 12A9ECD72B210FA5005BF0BA /* SearchDataModel.swift */; };
		12A9ECDB2B225300005BF0BA /* MainViewModel.swift in Sources */ = {isa = PBXBuildFile; fileRef = 12A9ECDA2B225300005BF0BA /* MainViewModel.swift */; };
		12A9ECDD2B2253DE005BF0BA /* RecentModel.swift in Sources */ = {isa = PBXBuildFile; fileRef = 12A9ECDC2B2253DE005BF0BA /* RecentModel.swift */; };
		12A9ECE02B25F66C005BF0BA /* SubjectsModel.swift in Sources */ = {isa = PBXBuildFile; fileRef = 12A9ECDF2B25F66C005BF0BA /* SubjectsModel.swift */; };
		12A9ECE22B25FCEE005BF0BA /* DetailModel.swift in Sources */ = {isa = PBXBuildFile; fileRef = 12A9ECE12B25FCEE005BF0BA /* DetailModel.swift */; };
		12CEB5AF2B1FA9F20061167F /* Service.swift in Sources */ = {isa = PBXBuildFile; fileRef = 12CEB5AE2B1FA9F20061167F /* Service.swift */; };
		12CEB5B12B1FAC6D0061167F /* Endpoint.swift in Sources */ = {isa = PBXBuildFile; fileRef = 12CEB5B02B1FAC6D0061167F /* Endpoint.swift */; };
		3B17C3462B2A3ADD00DDF70C /* CategoryViewModel.swift in Sources */ = {isa = PBXBuildFile; fileRef = 3B17C3422B2A3ADD00DDF70C /* CategoryViewModel.swift */; };
		3B17C3472B2A3ADD00DDF70C /* CategoriesListView.swift in Sources */ = {isa = PBXBuildFile; fileRef = 3B17C3432B2A3ADD00DDF70C /* CategoriesListView.swift */; };
		3B17C3482B2A3ADD00DDF70C /* SearchBarView.swift in Sources */ = {isa = PBXBuildFile; fileRef = 3B17C3442B2A3ADD00DDF70C /* SearchBarView.swift */; };
		3B17C3492B2A3ADD00DDF70C /* CategoriesView.swift in Sources */ = {isa = PBXBuildFile; fileRef = 3B17C3452B2A3ADD00DDF70C /* CategoriesView.swift */; };
		B3138B7B2B28923100706354 /* AccountView.swift in Sources */ = {isa = PBXBuildFile; fileRef = B3138B7A2B28923100706354 /* AccountView.swift */; };
		B392B0A82B28A3BA00B8017F /* Onboarding.swift in Sources */ = {isa = PBXBuildFile; fileRef = B392B0A72B28A3BA00B8017F /* Onboarding.swift */; };
		FA6242A92B1F65CF00953394 /* TabBarView.swift in Sources */ = {isa = PBXBuildFile; fileRef = FA6242A82B1F65CF00953394 /* TabBarView.swift */; };
		FA7AB56B2B24AE8000CC23CB /* ButtonView.swift in Sources */ = {isa = PBXBuildFile; fileRef = FA7AB5682B24AE8000CC23CB /* ButtonView.swift */; };
		FA7AB56C2B24AE8000CC23CB /* FavoriteBooksView.swift in Sources */ = {isa = PBXBuildFile; fileRef = FA7AB5692B24AE8000CC23CB /* FavoriteBooksView.swift */; };
		FA7AB5702B24D25000CC23CB /* AsyncCoverImage.swift in Sources */ = {isa = PBXBuildFile; fileRef = FA7AB56F2B24D25000CC23CB /* AsyncCoverImage.swift */; };
		FA9AF4482B2BB638009892AC /* LoginView.swift in Sources */ = {isa = PBXBuildFile; fileRef = FA9AF4472B2BB638009892AC /* LoginView.swift */; };
		FAAC47FA2B2B7A27002B7136 /* HeadlineView.swift in Sources */ = {isa = PBXBuildFile; fileRef = FAAC47F92B2B7A27002B7136 /* HeadlineView.swift */; };
		FAAC47FC2B2B7EF8002B7136 /* SwitchButtonView.swift in Sources */ = {isa = PBXBuildFile; fileRef = FAAC47FB2B2B7EF8002B7136 /* SwitchButtonView.swift */; };
/* End PBXBuildFile section */

/* Begin PBXFileReference section */
		101C39472B1CA55D00E0B7C4 /* BookStoreApp.app */ = {isa = PBXFileReference; explicitFileType = wrapper.application; includeInIndex = 0; path = BookStoreApp.app; sourceTree = BUILT_PRODUCTS_DIR; };
		101C394A2B1CA55D00E0B7C4 /* BookStoreAppApp.swift */ = {isa = PBXFileReference; lastKnownFileType = sourcecode.swift; path = BookStoreAppApp.swift; sourceTree = "<group>"; };
		101C394C2B1CA55D00E0B7C4 /* MainView.swift */ = {isa = PBXFileReference; lastKnownFileType = sourcecode.swift; path = MainView.swift; sourceTree = "<group>"; };
		101C394E2B1CA56000E0B7C4 /* Assets.xcassets */ = {isa = PBXFileReference; lastKnownFileType = folder.assetcatalog; path = Assets.xcassets; sourceTree = "<group>"; };
		101C39512B1CA56000E0B7C4 /* Preview Assets.xcassets */ = {isa = PBXFileReference; lastKnownFileType = folder.assetcatalog; path = "Preview Assets.xcassets"; sourceTree = "<group>"; };
		101C39582B1CA5A300E0B7C4 /* .gitignore */ = {isa = PBXFileReference; lastKnownFileType = text; path = .gitignore; sourceTree = "<group>"; };
		101C395A2B1CA5BB00E0B7C4 /* README.md */ = {isa = PBXFileReference; lastKnownFileType = net.daringfireball.markdown; path = README.md; sourceTree = "<group>"; };
		1043250F2B29B1A100D037EB /* ContentView.swift */ = {isa = PBXFileReference; lastKnownFileType = sourcecode.swift; path = ContentView.swift; sourceTree = "<group>"; };
		104325132B29B27400D037EB /* OnboardingViewModel.swift */ = {isa = PBXFileReference; lastKnownFileType = sourcecode.swift; path = OnboardingViewModel.swift; sourceTree = "<group>"; };
		104325152B29B3D200D037EB /* OnboardingStepModel.swift */ = {isa = PBXFileReference; lastKnownFileType = sourcecode.swift; path = OnboardingStepModel.swift; sourceTree = "<group>"; };
		104325172B29EA2900D037EB /* NetworkGCD.swift */ = {isa = PBXFileReference; lastKnownFileType = sourcecode.swift; path = NetworkGCD.swift; sourceTree = "<group>"; };
		10554B092B2B1DEF000E9AC4 /* BookCellView.swift */ = {isa = PBXFileReference; lastKnownFileType = sourcecode.swift; path = BookCellView.swift; sourceTree = "<group>"; };
		10554B0B2B2B2622000E9AC4 /* mockWork.json */ = {isa = PBXFileReference; lastKnownFileType = text.json; path = mockWork.json; sourceTree = "<group>"; };
		10554B0D2B2B26B0000E9AC4 /* MockDataSource.swift */ = {isa = PBXFileReference; lastKnownFileType = sourcecode.swift; path = MockDataSource.swift; sourceTree = "<group>"; };
		10E1908C2B2B37A1002BD982 /* mockDocs.json */ = {isa = PBXFileReference; lastKnownFileType = text.json; path = mockDocs.json; sourceTree = "<group>"; };
		10E1908E2B2B5549002BD982 /* DetailBookModel.swift */ = {isa = PBXFileReference; lastKnownFileType = sourcecode.swift; path = DetailBookModel.swift; sourceTree = "<group>"; };
		10E190902B2B55F2002BD982 /* mockDetailBook.json */ = {isa = PBXFileReference; lastKnownFileType = text.json; path = mockDetailBook.json; sourceTree = "<group>"; };
		10E190922B2B5B50002BD982 /* RatingModel.swift */ = {isa = PBXFileReference; lastKnownFileType = sourcecode.swift; path = RatingModel.swift; sourceTree = "<group>"; };
		10E5EC382B2CB52700C0059C /* ModelData.swift */ = {isa = PBXFileReference; lastKnownFileType = sourcecode.swift; path = ModelData.swift; sourceTree = "<group>"; };
		10E5EC4B2B2DEBF000C0059C /* CacheAsyncImage.swift */ = {isa = PBXFileReference; fileEncoding = 4; lastKnownFileType = sourcecode.swift; path = CacheAsyncImage.swift; sourceTree = "<group>"; };
		10E5EC4D2B2DEC0C00C0059C /* CardDescriptionView.swift */ = {isa = PBXFileReference; fileEncoding = 4; lastKnownFileType = sourcecode.swift; path = CardDescriptionView.swift; sourceTree = "<group>"; };
		10E5EC4E2B2DEC0C00C0059C /* CardViewCell.swift */ = {isa = PBXFileReference; fileEncoding = 4; lastKnownFileType = sourcecode.swift; path = CardViewCell.swift; sourceTree = "<group>"; };
		10E5EC512B2DEC2800C0059C /* DetailView.swift */ = {isa = PBXFileReference; fileEncoding = 4; lastKnownFileType = sourcecode.swift; path = DetailView.swift; sourceTree = "<group>"; };
		10E5EC532B2DEC2F00C0059C /* DescriptionSideDetailView.swift */ = {isa = PBXFileReference; fileEncoding = 4; lastKnownFileType = sourcecode.swift; path = DescriptionSideDetailView.swift; sourceTree = "<group>"; };
		10E5EC542B2DEC2F00C0059C /* DescriptionDetailView.swift */ = {isa = PBXFileReference; fileEncoding = 4; lastKnownFileType = sourcecode.swift; path = DescriptionDetailView.swift; sourceTree = "<group>"; };
		10E5EC572B2DEC4400C0059C /* ErrorView.swift */ = {isa = PBXFileReference; fileEncoding = 4; lastKnownFileType = sourcecode.swift; path = ErrorView.swift; sourceTree = "<group>"; };
		10E5EC592B2DEE1600C0059C /* BookListView.swift */ = {isa = PBXFileReference; lastKnownFileType = sourcecode.swift; path = BookListView.swift; sourceTree = "<group>"; };
		10E5EC5C2B2DEFFE00C0059C /* URL + ext.swift */ = {isa = PBXFileReference; lastKnownFileType = sourcecode.swift; path = "URL + ext.swift"; sourceTree = "<group>"; };
		10E5EC5E2B2E0F8700C0059C /* DetailViewImp.swift */ = {isa = PBXFileReference; lastKnownFileType = sourcecode.swift; path = DetailViewImp.swift; sourceTree = "<group>"; };
		10E5EC602B2E489800C0059C /* MyDetailModel.swift */ = {isa = PBXFileReference; lastKnownFileType = sourcecode.swift; path = MyDetailModel.swift; sourceTree = "<group>"; };
		10E5EC632B2E68FC00C0059C /* DataManager.swift */ = {isa = PBXFileReference; lastKnownFileType = sourcecode.swift; path = DataManager.swift; sourceTree = "<group>"; };
		129438A52B2DA2720088D170 /* MainSearchView.swift */ = {isa = PBXFileReference; lastKnownFileType = sourcecode.swift; path = MainSearchView.swift; sourceTree = "<group>"; };
		129438A72B2DB4720088D170 /* BooksListView.swift */ = {isa = PBXFileReference; lastKnownFileType = sourcecode.swift; path = BooksListView.swift; sourceTree = "<group>"; };
		129438AB2B2DE9410088D170 /* BookModelData.swift */ = {isa = PBXFileReference; lastKnownFileType = sourcecode.swift; path = BookModelData.swift; sourceTree = "<group>"; };
		129438AE2B2E4EF50088D170 /* CategorisBooksView.swift */ = {isa = PBXFileReference; lastKnownFileType = sourcecode.swift; path = CategorisBooksView.swift; sourceTree = "<group>"; };
		12A9ECD42B210A49005BF0BA /* Network.swift */ = {isa = PBXFileReference; lastKnownFileType = sourcecode.swift; path = Network.swift; sourceTree = "<group>"; };
		12A9ECD72B210FA5005BF0BA /* SearchDataModel.swift */ = {isa = PBXFileReference; lastKnownFileType = sourcecode.swift; path = SearchDataModel.swift; sourceTree = "<group>"; };
		12A9ECDA2B225300005BF0BA /* MainViewModel.swift */ = {isa = PBXFileReference; lastKnownFileType = sourcecode.swift; path = MainViewModel.swift; sourceTree = "<group>"; };
		12A9ECDC2B2253DE005BF0BA /* RecentModel.swift */ = {isa = PBXFileReference; lastKnownFileType = sourcecode.swift; path = RecentModel.swift; sourceTree = "<group>"; };
		12A9ECDF2B25F66C005BF0BA /* SubjectsModel.swift */ = {isa = PBXFileReference; lastKnownFileType = sourcecode.swift; path = SubjectsModel.swift; sourceTree = "<group>"; };
		12A9ECE12B25FCEE005BF0BA /* DetailModel.swift */ = {isa = PBXFileReference; lastKnownFileType = sourcecode.swift; path = DetailModel.swift; sourceTree = "<group>"; };
		12CEB5AE2B1FA9F20061167F /* Service.swift */ = {isa = PBXFileReference; lastKnownFileType = sourcecode.swift; path = Service.swift; sourceTree = "<group>"; };
		12CEB5B02B1FAC6D0061167F /* Endpoint.swift */ = {isa = PBXFileReference; lastKnownFileType = sourcecode.swift; path = Endpoint.swift; sourceTree = "<group>"; };
		3B17C3422B2A3ADD00DDF70C /* CategoryViewModel.swift */ = {isa = PBXFileReference; fileEncoding = 4; lastKnownFileType = sourcecode.swift; path = CategoryViewModel.swift; sourceTree = "<group>"; };
		3B17C3432B2A3ADD00DDF70C /* CategoriesListView.swift */ = {isa = PBXFileReference; fileEncoding = 4; lastKnownFileType = sourcecode.swift; path = CategoriesListView.swift; sourceTree = "<group>"; };
		3B17C3442B2A3ADD00DDF70C /* SearchBarView.swift */ = {isa = PBXFileReference; fileEncoding = 4; lastKnownFileType = sourcecode.swift; path = SearchBarView.swift; sourceTree = "<group>"; };
		3B17C3452B2A3ADD00DDF70C /* CategoriesView.swift */ = {isa = PBXFileReference; fileEncoding = 4; lastKnownFileType = sourcecode.swift; path = CategoriesView.swift; sourceTree = "<group>"; };
		B3138B7A2B28923100706354 /* AccountView.swift */ = {isa = PBXFileReference; lastKnownFileType = sourcecode.swift; path = AccountView.swift; sourceTree = "<group>"; };
		B392B0A72B28A3BA00B8017F /* Onboarding.swift */ = {isa = PBXFileReference; fileEncoding = 4; lastKnownFileType = sourcecode.swift; path = Onboarding.swift; sourceTree = "<group>"; };
		FA6242A82B1F65CF00953394 /* TabBarView.swift */ = {isa = PBXFileReference; lastKnownFileType = sourcecode.swift; path = TabBarView.swift; sourceTree = "<group>"; };
		FA7AB5682B24AE8000CC23CB /* ButtonView.swift */ = {isa = PBXFileReference; fileEncoding = 4; lastKnownFileType = sourcecode.swift; path = ButtonView.swift; sourceTree = "<group>"; };
		FA7AB5692B24AE8000CC23CB /* FavoriteBooksView.swift */ = {isa = PBXFileReference; fileEncoding = 4; lastKnownFileType = sourcecode.swift; path = FavoriteBooksView.swift; sourceTree = "<group>"; };
		FA7AB56F2B24D25000CC23CB /* AsyncCoverImage.swift */ = {isa = PBXFileReference; lastKnownFileType = sourcecode.swift; path = AsyncCoverImage.swift; sourceTree = "<group>"; };
		FA9AF4472B2BB638009892AC /* LoginView.swift */ = {isa = PBXFileReference; lastKnownFileType = sourcecode.swift; path = LoginView.swift; sourceTree = "<group>"; };
		FAAC47F92B2B7A27002B7136 /* HeadlineView.swift */ = {isa = PBXFileReference; lastKnownFileType = sourcecode.swift; path = HeadlineView.swift; sourceTree = "<group>"; };
		FAAC47FB2B2B7EF8002B7136 /* SwitchButtonView.swift */ = {isa = PBXFileReference; lastKnownFileType = sourcecode.swift; path = SwitchButtonView.swift; sourceTree = "<group>"; };
/* End PBXFileReference section */

/* Begin PBXFrameworksBuildPhase section */
		101C39442B1CA55D00E0B7C4 /* Frameworks */ = {
			isa = PBXFrameworksBuildPhase;
			buildActionMask = 2147483647;
			files = (
			);
			runOnlyForDeploymentPostprocessing = 0;
		};
/* End PBXFrameworksBuildPhase section */

/* Begin PBXGroup section */
		101C393E2B1CA55D00E0B7C4 = {
			isa = PBXGroup;
			children = (
				101C395A2B1CA5BB00E0B7C4 /* README.md */,
				101C39582B1CA5A300E0B7C4 /* .gitignore */,
				101C39492B1CA55D00E0B7C4 /* BookStoreApp */,
				101C39482B1CA55D00E0B7C4 /* Products */,
			);
			sourceTree = "<group>";
		};
		101C39482B1CA55D00E0B7C4 /* Products */ = {
			isa = PBXGroup;
			children = (
				101C39472B1CA55D00E0B7C4 /* BookStoreApp.app */,
			);
			name = Products;
			sourceTree = "<group>";
		};
		101C39492B1CA55D00E0B7C4 /* BookStoreApp */ = {
			isa = PBXGroup;
			children = (
				10E5EC622B2E64C800C0059C /* Model */,
				10E5EC5B2B2DEFE700C0059C /* Helper */,
				101C394A2B1CA55D00E0B7C4 /* BookStoreAppApp.swift */,
				1043250F2B29B1A100D037EB /* ContentView.swift */,
				10E5EC382B2CB52700C0059C /* ModelData.swift */,
				104325122B29B22400D037EB /* Onboarding */,
				104325112B29B1CB00D037EB /* Account */,
				10D7D2742B24B1DD00DBE1C9 /* Components */,
				FAB175F22B29F3B90032E240 /* Categories */,
				129438AD2B2E4EC40088D170 /* CategoriesBooks */,
				10D7D2752B24B1F900DBE1C9 /* Favorite */,
				10D7D2732B24B1BD00DBE1C9 /* Detail */,
				12A9ECD92B2252E5005BF0BA /* Main */,
				12CEB5AC2B1FA97C0061167F /* Service */,
				FA6242A82B1F65CF00953394 /* TabBarView.swift */,
				101C394E2B1CA56000E0B7C4 /* Assets.xcassets */,
				101C39502B1CA56000E0B7C4 /* Preview Content */,
				10554B0B2B2B2622000E9AC4 /* mockWork.json */,
				10E1908C2B2B37A1002BD982 /* mockDocs.json */,
				10E190902B2B55F2002BD982 /* mockDetailBook.json */,
			);
			path = BookStoreApp;
			sourceTree = "<group>";
		};
		101C39502B1CA56000E0B7C4 /* Preview Content */ = {
			isa = PBXGroup;
			children = (
				101C39512B1CA56000E0B7C4 /* Preview Assets.xcassets */,
			);
			path = "Preview Content";
			sourceTree = "<group>";
		};
		104325112B29B1CB00D037EB /* Account */ = {
			isa = PBXGroup;
			children = (
				B3138B7A2B28923100706354 /* AccountView.swift */,
				FA9AF4472B2BB638009892AC /* LoginView.swift */,
			);
			path = Account;
			sourceTree = "<group>";
		};
		104325122B29B22400D037EB /* Onboarding */ = {
			isa = PBXGroup;
			children = (
				B392B0A72B28A3BA00B8017F /* Onboarding.swift */,
				104325132B29B27400D037EB /* OnboardingViewModel.swift */,
				104325152B29B3D200D037EB /* OnboardingStepModel.swift */,
			);
			path = Onboarding;
			sourceTree = "<group>";
		};
		10D7D2732B24B1BD00DBE1C9 /* Detail */ = {
			isa = PBXGroup;
			children = (
				10E5EC512B2DEC2800C0059C /* DetailView.swift */,
				10E5EC462B2DCD7600C0059C /* Components */,
			);
			path = Detail;
			sourceTree = "<group>";
		};
		10D7D2742B24B1DD00DBE1C9 /* Components */ = {
			isa = PBXGroup;
			children = (
				FA7AB5682B24AE8000CC23CB /* ButtonView.swift */,
				FAAC47F92B2B7A27002B7136 /* HeadlineView.swift */,
				FAAC47FB2B2B7EF8002B7136 /* SwitchButtonView.swift */,
				FA7AB56F2B24D25000CC23CB /* AsyncCoverImage.swift */,
				10E5EC572B2DEC4400C0059C /* ErrorView.swift */,
				10E5EC592B2DEE1600C0059C /* BookListView.swift */,
			);
			path = Components;
			sourceTree = "<group>";
		};
		10D7D2752B24B1F900DBE1C9 /* Favorite */ = {
			isa = PBXGroup;
			children = (
				10E5EC3F2B2CF85E00C0059C /* Components */,
				FA7AB5692B24AE8000CC23CB /* FavoriteBooksView.swift */,
			);
			path = Favorite;
			sourceTree = "<group>";
		};
		10E5EC3A2B2CBD5C00C0059C /* Cache */ = {
			isa = PBXGroup;
			children = (
				10E5EC4B2B2DEBF000C0059C /* CacheAsyncImage.swift */,
			);
			path = Cache;
			sourceTree = "<group>";
		};
		10E5EC3F2B2CF85E00C0059C /* Components */ = {
			isa = PBXGroup;
			children = (
				10E5EC4D2B2DEC0C00C0059C /* CardDescriptionView.swift */,
				10E5EC4E2B2DEC0C00C0059C /* CardViewCell.swift */,
			);
			path = Components;
			sourceTree = "<group>";
		};
		10E5EC462B2DCD7600C0059C /* Components */ = {
			isa = PBXGroup;
			children = (
				10E5EC542B2DEC2F00C0059C /* DescriptionDetailView.swift */,
				10E5EC532B2DEC2F00C0059C /* DescriptionSideDetailView.swift */,
				10E5EC5E2B2E0F8700C0059C /* DetailViewImp.swift */,
			);
			path = Components;
			sourceTree = "<group>";
		};
		10E5EC5B2B2DEFE700C0059C /* Helper */ = {
			isa = PBXGroup;
			children = (
				10E5EC5C2B2DEFFE00C0059C /* URL + ext.swift */,
			);
			path = Helper;
			sourceTree = "<group>";
		};
		10E5EC622B2E64C800C0059C /* Model */ = {
			isa = PBXGroup;
			children = (
				10E5EC602B2E489800C0059C /* MyDetailModel.swift */,
				129438AB2B2DE9410088D170 /* BookModelData.swift */,
			);
			path = Model;
			sourceTree = "<group>";
		};
		129438AD2B2E4EC40088D170 /* CategoriesBooks */ = {
			isa = PBXGroup;
			children = (
				129438AE2B2E4EF50088D170 /* CategorisBooksView.swift */,
			);
			path = CategoriesBooks;
			sourceTree = "<group>";
		};
		12A9ECD62B210F19005BF0BA /* ModelData */ = {
			isa = PBXGroup;
			children = (
				12A9ECD72B210FA5005BF0BA /* SearchDataModel.swift */,
				12A9ECDC2B2253DE005BF0BA /* RecentModel.swift */,
				12A9ECDF2B25F66C005BF0BA /* SubjectsModel.swift */,
				12A9ECE12B25FCEE005BF0BA /* DetailModel.swift */,
				10E1908E2B2B5549002BD982 /* DetailBookModel.swift */,
				10E190922B2B5B50002BD982 /* RatingModel.swift */,
			);
			path = ModelData;
			sourceTree = "<group>";
		};
		12A9ECD92B2252E5005BF0BA /* Main */ = {
			isa = PBXGroup;
			children = (
				101C394C2B1CA55D00E0B7C4 /* MainView.swift */,
				129438A72B2DB4720088D170 /* BooksListView.swift */,
				12A9ECDA2B225300005BF0BA /* MainViewModel.swift */,
				10554B092B2B1DEF000E9AC4 /* BookCellView.swift */,
				129438A52B2DA2720088D170 /* MainSearchView.swift */,
			);
			path = Main;
			sourceTree = "<group>";
		};
		12CEB5AC2B1FA97C0061167F /* Service */ = {
			isa = PBXGroup;
			children = (
				10E5EC3A2B2CBD5C00C0059C /* Cache */,
				12CEB5AD2B1FA98E0061167F /* API */,
				10554B0D2B2B26B0000E9AC4 /* MockDataSource.swift */,
				10E5EC632B2E68FC00C0059C /* DataManager.swift */,
			);
			path = Service;
			sourceTree = "<group>";
		};
		12CEB5AD2B1FA98E0061167F /* API */ = {
			isa = PBXGroup;
			children = (
				12A9ECD62B210F19005BF0BA /* ModelData */,
				12CEB5AE2B1FA9F20061167F /* Service.swift */,
				104325172B29EA2900D037EB /* NetworkGCD.swift */,
				12A9ECD42B210A49005BF0BA /* Network.swift */,
				12CEB5B02B1FAC6D0061167F /* Endpoint.swift */,
			);
			path = API;
			sourceTree = "<group>";
		};
		FAB175F22B29F3B90032E240 /* Categories */ = {
			isa = PBXGroup;
			children = (
				3B17C3452B2A3ADD00DDF70C /* CategoriesView.swift */,
				3B17C3432B2A3ADD00DDF70C /* CategoriesListView.swift */,
				3B17C3422B2A3ADD00DDF70C /* CategoryViewModel.swift */,
				3B17C3442B2A3ADD00DDF70C /* SearchBarView.swift */,
			);
			path = Categories;
			sourceTree = "<group>";
		};
/* End PBXGroup section */

/* Begin PBXNativeTarget section */
		101C39462B1CA55D00E0B7C4 /* BookStoreApp */ = {
			isa = PBXNativeTarget;
			buildConfigurationList = 101C39552B1CA56000E0B7C4 /* Build configuration list for PBXNativeTarget "BookStoreApp" */;
			buildPhases = (
				101C39432B1CA55D00E0B7C4 /* Sources */,
				101C39442B1CA55D00E0B7C4 /* Frameworks */,
				101C39452B1CA55D00E0B7C4 /* Resources */,
			);
			buildRules = (
			);
			dependencies = (
			);
			name = BookStoreApp;
			productName = BookStoreApp;
			productReference = 101C39472B1CA55D00E0B7C4 /* BookStoreApp.app */;
			productType = "com.apple.product-type.application";
		};
/* End PBXNativeTarget section */

/* Begin PBXProject section */
		101C393F2B1CA55D00E0B7C4 /* Project object */ = {
			isa = PBXProject;
			attributes = {
				BuildIndependentTargetsInParallel = 1;
				LastSwiftUpdateCheck = 1500;
				LastUpgradeCheck = 1500;
				TargetAttributes = {
					101C39462B1CA55D00E0B7C4 = {
						CreatedOnToolsVersion = 15.0.1;
					};
				};
			};
			buildConfigurationList = 101C39422B1CA55D00E0B7C4 /* Build configuration list for PBXProject "BookStoreApp" */;
			compatibilityVersion = "Xcode 14.0";
			developmentRegion = en;
			hasScannedForEncodings = 0;
			knownRegions = (
				en,
				Base,
			);
			mainGroup = 101C393E2B1CA55D00E0B7C4;
			productRefGroup = 101C39482B1CA55D00E0B7C4 /* Products */;
			projectDirPath = "";
			projectRoot = "";
			targets = (
				101C39462B1CA55D00E0B7C4 /* BookStoreApp */,
			);
		};
/* End PBXProject section */

/* Begin PBXResourcesBuildPhase section */
		101C39452B1CA55D00E0B7C4 /* Resources */ = {
			isa = PBXResourcesBuildPhase;
			buildActionMask = 2147483647;
			files = (
				101C39522B1CA56000E0B7C4 /* Preview Assets.xcassets in Resources */,
				101C39592B1CA5A300E0B7C4 /* .gitignore in Resources */,
				10554B0C2B2B2622000E9AC4 /* mockWork.json in Resources */,
				10E1908D2B2B37A1002BD982 /* mockDocs.json in Resources */,
				101C394F2B1CA56000E0B7C4 /* Assets.xcassets in Resources */,
				10E190912B2B55F2002BD982 /* mockDetailBook.json in Resources */,
			);
			runOnlyForDeploymentPostprocessing = 0;
		};
/* End PBXResourcesBuildPhase section */

/* Begin PBXSourcesBuildPhase section */
		101C39432B1CA55D00E0B7C4 /* Sources */ = {
			isa = PBXSourcesBuildPhase;
			buildActionMask = 2147483647;
			files = (
				101C394D2B1CA55D00E0B7C4 /* MainView.swift in Sources */,
				10E5EC642B2E68FC00C0059C /* DataManager.swift in Sources */,
				10E5EC562B2DEC2F00C0059C /* DescriptionDetailView.swift in Sources */,
				10E5EC552B2DEC2F00C0059C /* DescriptionSideDetailView.swift in Sources */,
				12A9ECD82B210FA5005BF0BA /* SearchDataModel.swift in Sources */,
				104325102B29B1A100D037EB /* ContentView.swift in Sources */,
				129438AC2B2DE9420088D170 /* BookModelData.swift in Sources */,
				FAAC47FC2B2B7EF8002B7136 /* SwitchButtonView.swift in Sources */,
				104325182B29EA2900D037EB /* NetworkGCD.swift in Sources */,
				B392B0A82B28A3BA00B8017F /* Onboarding.swift in Sources */,
				10E5EC5D2B2DEFFE00C0059C /* URL + ext.swift in Sources */,
				10E5EC5A2B2DEE1600C0059C /* BookListView.swift in Sources */,
				10E5EC522B2DEC2800C0059C /* DetailView.swift in Sources */,
				FA7AB56B2B24AE8000CC23CB /* ButtonView.swift in Sources */,
				129438AF2B2E4EF50088D170 /* CategorisBooksView.swift in Sources */,
				12A9ECDD2B2253DE005BF0BA /* RecentModel.swift in Sources */,
				10E5EC612B2E489800C0059C /* MyDetailModel.swift in Sources */,
				FAAC47FA2B2B7A27002B7136 /* HeadlineView.swift in Sources */,
				3B17C3492B2A3ADD00DDF70C /* CategoriesView.swift in Sources */,
				FA7AB5702B24D25000CC23CB /* AsyncCoverImage.swift in Sources */,
				10E5EC502B2DEC0C00C0059C /* CardViewCell.swift in Sources */,
				12CEB5AF2B1FA9F20061167F /* Service.swift in Sources */,
				FA6242A92B1F65CF00953394 /* TabBarView.swift in Sources */,
				12CEB5B12B1FAC6D0061167F /* Endpoint.swift in Sources */,
				10554B0A2B2B1DEF000E9AC4 /* BookCellView.swift in Sources */,
				12A9ECE22B25FCEE005BF0BA /* DetailModel.swift in Sources */,
				10E5EC4C2B2DEBF000C0059C /* CacheAsyncImage.swift in Sources */,
				B3138B7B2B28923100706354 /* AccountView.swift in Sources */,
				10E5EC5F2B2E0F8700C0059C /* DetailViewImp.swift in Sources */,
				3B17C3462B2A3ADD00DDF70C /* CategoryViewModel.swift in Sources */,
				10554B0E2B2B26B0000E9AC4 /* MockDataSource.swift in Sources */,
				10E5EC582B2DEC4400C0059C /* ErrorView.swift in Sources */,
				12A9ECD52B210A49005BF0BA /* Network.swift in Sources */,
				3B17C3482B2A3ADD00DDF70C /* SearchBarView.swift in Sources */,
				101C394B2B1CA55D00E0B7C4 /* BookStoreAppApp.swift in Sources */,
				129438A82B2DB4720088D170 /* BooksListView.swift in Sources */,
				10E1908F2B2B5549002BD982 /* DetailBookModel.swift in Sources */,
				10E190932B2B5B50002BD982 /* RatingModel.swift in Sources */,
				10E5EC392B2CB52700C0059C /* ModelData.swift in Sources */,
				12A9ECDB2B225300005BF0BA /* MainViewModel.swift in Sources */,
				104325142B29B27400D037EB /* OnboardingViewModel.swift in Sources */,
				FA7AB56C2B24AE8000CC23CB /* FavoriteBooksView.swift in Sources */,
				104325162B29B3D200D037EB /* OnboardingStepModel.swift in Sources */,
				12A9ECE02B25F66C005BF0BA /* SubjectsModel.swift in Sources */,
				129438A62B2DA2720088D170 /* MainSearchView.swift in Sources */,
				10E5EC4F2B2DEC0C00C0059C /* CardDescriptionView.swift in Sources */,
				FA9AF4482B2BB638009892AC /* LoginView.swift in Sources */,
				3B17C3472B2A3ADD00DDF70C /* CategoriesListView.swift in Sources */,
			);
			runOnlyForDeploymentPostprocessing = 0;
		};
/* End PBXSourcesBuildPhase section */

/* Begin XCBuildConfiguration section */
		101C39532B1CA56000E0B7C4 /* Debug */ = {
			isa = XCBuildConfiguration;
			buildSettings = {
				ALWAYS_SEARCH_USER_PATHS = NO;
				ASSETCATALOG_COMPILER_GENERATE_SWIFT_ASSET_SYMBOL_EXTENSIONS = YES;
				CLANG_ANALYZER_NONNULL = YES;
				CLANG_ANALYZER_NUMBER_OBJECT_CONVERSION = YES_AGGRESSIVE;
				CLANG_CXX_LANGUAGE_STANDARD = "gnu++20";
				CLANG_ENABLE_MODULES = YES;
				CLANG_ENABLE_OBJC_ARC = YES;
				CLANG_ENABLE_OBJC_WEAK = YES;
				CLANG_WARN_BLOCK_CAPTURE_AUTORELEASING = YES;
				CLANG_WARN_BOOL_CONVERSION = YES;
				CLANG_WARN_COMMA = YES;
				CLANG_WARN_CONSTANT_CONVERSION = YES;
				CLANG_WARN_DEPRECATED_OBJC_IMPLEMENTATIONS = YES;
				CLANG_WARN_DIRECT_OBJC_ISA_USAGE = YES_ERROR;
				CLANG_WARN_DOCUMENTATION_COMMENTS = YES;
				CLANG_WARN_EMPTY_BODY = YES;
				CLANG_WARN_ENUM_CONVERSION = YES;
				CLANG_WARN_INFINITE_RECURSION = YES;
				CLANG_WARN_INT_CONVERSION = YES;
				CLANG_WARN_NON_LITERAL_NULL_CONVERSION = YES;
				CLANG_WARN_OBJC_IMPLICIT_RETAIN_SELF = YES;
				CLANG_WARN_OBJC_LITERAL_CONVERSION = YES;
				CLANG_WARN_OBJC_ROOT_CLASS = YES_ERROR;
				CLANG_WARN_QUOTED_INCLUDE_IN_FRAMEWORK_HEADER = YES;
				CLANG_WARN_RANGE_LOOP_ANALYSIS = YES;
				CLANG_WARN_STRICT_PROTOTYPES = YES;
				CLANG_WARN_SUSPICIOUS_MOVE = YES;
				CLANG_WARN_UNGUARDED_AVAILABILITY = YES_AGGRESSIVE;
				CLANG_WARN_UNREACHABLE_CODE = YES;
				CLANG_WARN__DUPLICATE_METHOD_MATCH = YES;
				COPY_PHASE_STRIP = NO;
				DEBUG_INFORMATION_FORMAT = dwarf;
				ENABLE_STRICT_OBJC_MSGSEND = YES;
				ENABLE_TESTABILITY = YES;
				ENABLE_USER_SCRIPT_SANDBOXING = YES;
				GCC_C_LANGUAGE_STANDARD = gnu17;
				GCC_DYNAMIC_NO_PIC = NO;
				GCC_NO_COMMON_BLOCKS = YES;
				GCC_OPTIMIZATION_LEVEL = 0;
				GCC_PREPROCESSOR_DEFINITIONS = (
					"DEBUG=1",
					"$(inherited)",
				);
				GCC_WARN_64_TO_32_BIT_CONVERSION = YES;
				GCC_WARN_ABOUT_RETURN_TYPE = YES_ERROR;
				GCC_WARN_UNDECLARED_SELECTOR = YES;
				GCC_WARN_UNINITIALIZED_AUTOS = YES_AGGRESSIVE;
				GCC_WARN_UNUSED_FUNCTION = YES;
				GCC_WARN_UNUSED_VARIABLE = YES;
				IPHONEOS_DEPLOYMENT_TARGET = 15.0;
				LOCALIZATION_PREFERS_STRING_CATALOGS = YES;
				MTL_ENABLE_DEBUG_INFO = INCLUDE_SOURCE;
				MTL_FAST_MATH = YES;
				ONLY_ACTIVE_ARCH = YES;
				SDKROOT = iphoneos;
				SWIFT_ACTIVE_COMPILATION_CONDITIONS = "DEBUG $(inherited)";
				SWIFT_OPTIMIZATION_LEVEL = "-Onone";
				SWIFT_VERSION = 5.0;
			};
			name = Debug;
		};
		101C39542B1CA56000E0B7C4 /* Release */ = {
			isa = XCBuildConfiguration;
			buildSettings = {
				ALWAYS_SEARCH_USER_PATHS = NO;
				ASSETCATALOG_COMPILER_GENERATE_SWIFT_ASSET_SYMBOL_EXTENSIONS = YES;
				CLANG_ANALYZER_NONNULL = YES;
				CLANG_ANALYZER_NUMBER_OBJECT_CONVERSION = YES_AGGRESSIVE;
				CLANG_CXX_LANGUAGE_STANDARD = "gnu++20";
				CLANG_ENABLE_MODULES = YES;
				CLANG_ENABLE_OBJC_ARC = YES;
				CLANG_ENABLE_OBJC_WEAK = YES;
				CLANG_WARN_BLOCK_CAPTURE_AUTORELEASING = YES;
				CLANG_WARN_BOOL_CONVERSION = YES;
				CLANG_WARN_COMMA = YES;
				CLANG_WARN_CONSTANT_CONVERSION = YES;
				CLANG_WARN_DEPRECATED_OBJC_IMPLEMENTATIONS = YES;
				CLANG_WARN_DIRECT_OBJC_ISA_USAGE = YES_ERROR;
				CLANG_WARN_DOCUMENTATION_COMMENTS = YES;
				CLANG_WARN_EMPTY_BODY = YES;
				CLANG_WARN_ENUM_CONVERSION = YES;
				CLANG_WARN_INFINITE_RECURSION = YES;
				CLANG_WARN_INT_CONVERSION = YES;
				CLANG_WARN_NON_LITERAL_NULL_CONVERSION = YES;
				CLANG_WARN_OBJC_IMPLICIT_RETAIN_SELF = YES;
				CLANG_WARN_OBJC_LITERAL_CONVERSION = YES;
				CLANG_WARN_OBJC_ROOT_CLASS = YES_ERROR;
				CLANG_WARN_QUOTED_INCLUDE_IN_FRAMEWORK_HEADER = YES;
				CLANG_WARN_RANGE_LOOP_ANALYSIS = YES;
				CLANG_WARN_STRICT_PROTOTYPES = YES;
				CLANG_WARN_SUSPICIOUS_MOVE = YES;
				CLANG_WARN_UNGUARDED_AVAILABILITY = YES_AGGRESSIVE;
				CLANG_WARN_UNREACHABLE_CODE = YES;
				CLANG_WARN__DUPLICATE_METHOD_MATCH = YES;
				COPY_PHASE_STRIP = NO;
				DEBUG_INFORMATION_FORMAT = "dwarf-with-dsym";
				ENABLE_NS_ASSERTIONS = NO;
				ENABLE_STRICT_OBJC_MSGSEND = YES;
				ENABLE_USER_SCRIPT_SANDBOXING = YES;
				GCC_C_LANGUAGE_STANDARD = gnu17;
				GCC_NO_COMMON_BLOCKS = YES;
				GCC_WARN_64_TO_32_BIT_CONVERSION = YES;
				GCC_WARN_ABOUT_RETURN_TYPE = YES_ERROR;
				GCC_WARN_UNDECLARED_SELECTOR = YES;
				GCC_WARN_UNINITIALIZED_AUTOS = YES_AGGRESSIVE;
				GCC_WARN_UNUSED_FUNCTION = YES;
				GCC_WARN_UNUSED_VARIABLE = YES;
				IPHONEOS_DEPLOYMENT_TARGET = 15.0;
				LOCALIZATION_PREFERS_STRING_CATALOGS = YES;
				MTL_ENABLE_DEBUG_INFO = NO;
				MTL_FAST_MATH = YES;
				SDKROOT = iphoneos;
				SWIFT_COMPILATION_MODE = wholemodule;
				SWIFT_VERSION = 5.0;
				VALIDATE_PRODUCT = YES;
			};
			name = Release;
		};
		101C39562B1CA56000E0B7C4 /* Debug */ = {
			isa = XCBuildConfiguration;
			buildSettings = {
				ASSETCATALOG_COMPILER_APPICON_NAME = AppIcon;
				ASSETCATALOG_COMPILER_GLOBAL_ACCENT_COLOR_NAME = AccentColor;
				CODE_SIGN_STYLE = Automatic;
				CURRENT_PROJECT_VERSION = 1;
				DEVELOPMENT_ASSET_PATHS = "\"BookStoreApp/Preview Content\"";
				ENABLE_PREVIEWS = YES;
				GENERATE_INFOPLIST_FILE = YES;
				INFOPLIST_KEY_UIApplicationSceneManifest_Generation = YES;
				INFOPLIST_KEY_UIApplicationSupportsIndirectInputEvents = YES;
				INFOPLIST_KEY_UILaunchScreen_Generation = YES;
				INFOPLIST_KEY_UISupportedInterfaceOrientations = UIInterfaceOrientationPortrait;
				INFOPLIST_KEY_UISupportedInterfaceOrientations_iPad = "UIInterfaceOrientationLandscapeLeft UIInterfaceOrientationLandscapeRight UIInterfaceOrientationPortrait UIInterfaceOrientationPortraitUpsideDown";
				IPHONEOS_DEPLOYMENT_TARGET = 15.0;
				LD_RUNPATH_SEARCH_PATHS = (
					"$(inherited)",
					"@executable_path/Frameworks",
				);
				MARKETING_VERSION = 1.0;
				PRODUCT_BUNDLE_IDENTIFIER = com.pashagritskov.BookStoreApp;
				PRODUCT_NAME = "$(TARGET_NAME)";
				SUPPORTED_PLATFORMS = "iphoneos iphonesimulator";
				SUPPORTS_MACCATALYST = NO;
				SUPPORTS_MAC_DESIGNED_FOR_IPHONE_IPAD = NO;
				SWIFT_EMIT_LOC_STRINGS = YES;
				SWIFT_VERSION = 5.0;
				TARGETED_DEVICE_FAMILY = 1;
			};
			name = Debug;
		};
		101C39572B1CA56000E0B7C4 /* Release */ = {
			isa = XCBuildConfiguration;
			buildSettings = {
				ASSETCATALOG_COMPILER_APPICON_NAME = AppIcon;
				ASSETCATALOG_COMPILER_GLOBAL_ACCENT_COLOR_NAME = AccentColor;
				CODE_SIGN_STYLE = Automatic;
				CURRENT_PROJECT_VERSION = 1;
				DEVELOPMENT_ASSET_PATHS = "\"BookStoreApp/Preview Content\"";
				ENABLE_PREVIEWS = YES;
				GENERATE_INFOPLIST_FILE = YES;
				INFOPLIST_KEY_UIApplicationSceneManifest_Generation = YES;
				INFOPLIST_KEY_UIApplicationSupportsIndirectInputEvents = YES;
				INFOPLIST_KEY_UILaunchScreen_Generation = YES;
				INFOPLIST_KEY_UISupportedInterfaceOrientations = UIInterfaceOrientationPortrait;
				INFOPLIST_KEY_UISupportedInterfaceOrientations_iPad = "UIInterfaceOrientationLandscapeLeft UIInterfaceOrientationLandscapeRight UIInterfaceOrientationPortrait UIInterfaceOrientationPortraitUpsideDown";
				IPHONEOS_DEPLOYMENT_TARGET = 15.0;
				LD_RUNPATH_SEARCH_PATHS = (
					"$(inherited)",
					"@executable_path/Frameworks",
				);
				MARKETING_VERSION = 1.0;
				PRODUCT_BUNDLE_IDENTIFIER = com.pashagritskov.BookStoreApp;
				PRODUCT_NAME = "$(TARGET_NAME)";
				SUPPORTED_PLATFORMS = "iphoneos iphonesimulator";
				SUPPORTS_MACCATALYST = NO;
				SUPPORTS_MAC_DESIGNED_FOR_IPHONE_IPAD = NO;
				SWIFT_EMIT_LOC_STRINGS = YES;
				SWIFT_VERSION = 5.0;
				TARGETED_DEVICE_FAMILY = 1;
			};
			name = Release;
		};
/* End XCBuildConfiguration section */

/* Begin XCConfigurationList section */
		101C39422B1CA55D00E0B7C4 /* Build configuration list for PBXProject "BookStoreApp" */ = {
			isa = XCConfigurationList;
			buildConfigurations = (
				101C39532B1CA56000E0B7C4 /* Debug */,
				101C39542B1CA56000E0B7C4 /* Release */,
			);
			defaultConfigurationIsVisible = 0;
			defaultConfigurationName = Release;
		};
		101C39552B1CA56000E0B7C4 /* Build configuration list for PBXNativeTarget "BookStoreApp" */ = {
			isa = XCConfigurationList;
			buildConfigurations = (
				101C39562B1CA56000E0B7C4 /* Debug */,
				101C39572B1CA56000E0B7C4 /* Release */,
			);
			defaultConfigurationIsVisible = 0;
			defaultConfigurationName = Release;
		};
/* End XCConfigurationList section */
	};
	rootObject = 101C393F2B1CA55D00E0B7C4 /* Project object */;
}
